// !$*UTF8*$!
{
	archiveVersion = 1;
	classes = {
	};
	objectVersion = 50;
	objects = {

/* Begin PBXBuildFile section */
		46E0209721ACB96C0053A39B /* AppDelegate.swift in Sources */ = {isa = PBXBuildFile; fileRef = 46E0209621ACB96C0053A39B /* AppDelegate.swift */; };
		46E0209921ACB96C0053A39B /* ViewController.swift in Sources */ = {isa = PBXBuildFile; fileRef = 46E0209821ACB96C0053A39B /* ViewController.swift */; };
		46E0209C21ACB96C0053A39B /* Main.storyboard in Resources */ = {isa = PBXBuildFile; fileRef = 46E0209A21ACB96C0053A39B /* Main.storyboard */; };
		46E0209E21ACB96E0053A39B /* Assets.xcassets in Resources */ = {isa = PBXBuildFile; fileRef = 46E0209D21ACB96E0053A39B /* Assets.xcassets */; };
		46E020A121ACB96E0053A39B /* LaunchScreen.storyboard in Resources */ = {isa = PBXBuildFile; fileRef = 46E0209F21ACB96E0053A39B /* LaunchScreen.storyboard */; };
		46E020AC21ACB96E0053A39B /* ProfileDemoTests.swift in Sources */ = {isa = PBXBuildFile; fileRef = 46E020AB21ACB96E0053A39B /* ProfileDemoTests.swift */; };
		46E020B721ACB96E0053A39B /* ProfileDemoUITests.swift in Sources */ = {isa = PBXBuildFile; fileRef = 46E020B621ACB96E0053A39B /* ProfileDemoUITests.swift */; };
		46E020D121ACC3FD0053A39B /* OpenSans-SemiBold.ttf in Resources */ = {isa = PBXBuildFile; fileRef = 46E020C621ACC3FD0053A39B /* OpenSans-SemiBold.ttf */; };
		46E020D221ACC3FD0053A39B /* OpenSans-Light.ttf in Resources */ = {isa = PBXBuildFile; fileRef = 46E020C721ACC3FD0053A39B /* OpenSans-Light.ttf */; };
		46E020D321ACC3FD0053A39B /* OpenSans-Italic.ttf in Resources */ = {isa = PBXBuildFile; fileRef = 46E020C821ACC3FD0053A39B /* OpenSans-Italic.ttf */; };
		46E020D421ACC3FD0053A39B /* OpenSans-ExtraBold.ttf in Resources */ = {isa = PBXBuildFile; fileRef = 46E020C921ACC3FD0053A39B /* OpenSans-ExtraBold.ttf */; };
		46E020D521ACC3FD0053A39B /* OpenSans-LightItalic.ttf in Resources */ = {isa = PBXBuildFile; fileRef = 46E020CA21ACC3FD0053A39B /* OpenSans-LightItalic.ttf */; };
		46E020D621ACC3FD0053A39B /* OpenSans-Bold.ttf in Resources */ = {isa = PBXBuildFile; fileRef = 46E020CB21ACC3FD0053A39B /* OpenSans-Bold.ttf */; };
		46E020D721ACC3FD0053A39B /* OpenSans-SemiBoldItalic.ttf in Resources */ = {isa = PBXBuildFile; fileRef = 46E020CC21ACC3FD0053A39B /* OpenSans-SemiBoldItalic.ttf */; };
		46E020D821ACC3FD0053A39B /* OpenSans-ExtraBoldItalic.ttf in Resources */ = {isa = PBXBuildFile; fileRef = 46E020CD21ACC3FD0053A39B /* OpenSans-ExtraBoldItalic.ttf */; };
		46E020D921ACC3FD0053A39B /* LICENSE.txt in Resources */ = {isa = PBXBuildFile; fileRef = 46E020CE21ACC3FD0053A39B /* LICENSE.txt */; };
		46E020DA21ACC3FD0053A39B /* OpenSans-Regular.ttf in Resources */ = {isa = PBXBuildFile; fileRef = 46E020CF21ACC3FD0053A39B /* OpenSans-Regular.ttf */; };
		46E020DB21ACC3FD0053A39B /* OpenSans-BoldItalic.ttf in Resources */ = {isa = PBXBuildFile; fileRef = 46E020D021ACC3FD0053A39B /* OpenSans-BoldItalic.ttf */; };
		46E020DD21ACC5FA0053A39B /* ProfileSectionHeaderView.swift in Sources */ = {isa = PBXBuildFile; fileRef = 46E020DC21ACC5FA0053A39B /* ProfileSectionHeaderView.swift */; };
		46E020E221ACC7E80053A39B /* Colors.swift in Sources */ = {isa = PBXBuildFile; fileRef = 46E020E121ACC7E80053A39B /* Colors.swift */; };
		46E020E521ACC9F50053A39B /* StyleExtensions.swift in Sources */ = {isa = PBXBuildFile; fileRef = 46E020E421ACC9F50053A39B /* StyleExtensions.swift */; };
		46E020E621ACC9F50053A39B /* StyleExtensions.swift in Sources */ = {isa = PBXBuildFile; fileRef = 46E020E421ACC9F50053A39B /* StyleExtensions.swift */; };
		46E020E721ACC9F50053A39B /* StyleExtensions.swift in Sources */ = {isa = PBXBuildFile; fileRef = 46E020E421ACC9F50053A39B /* StyleExtensions.swift */; };
		46E020E921ACCA6B0053A39B /* Fonts.swift in Sources */ = {isa = PBXBuildFile; fileRef = 46E020E821ACCA6B0053A39B /* Fonts.swift */; };
		46E020EA21ACCA6B0053A39B /* Fonts.swift in Sources */ = {isa = PBXBuildFile; fileRef = 46E020E821ACCA6B0053A39B /* Fonts.swift */; };
		46E020EB21ACCA6B0053A39B /* Fonts.swift in Sources */ = {isa = PBXBuildFile; fileRef = 46E020E821ACCA6B0053A39B /* Fonts.swift */; };
		46E020ED21ACEC5A0053A39B /* ProfileSectionsView.swift in Sources */ = {isa = PBXBuildFile; fileRef = 46E020EC21ACEC5A0053A39B /* ProfileSectionsView.swift */; };
		46E020EE21ACEC5A0053A39B /* ProfileSectionsView.swift in Sources */ = {isa = PBXBuildFile; fileRef = 46E020EC21ACEC5A0053A39B /* ProfileSectionsView.swift */; };
		46E020EF21ACEC5A0053A39B /* ProfileSectionsView.swift in Sources */ = {isa = PBXBuildFile; fileRef = 46E020EC21ACEC5A0053A39B /* ProfileSectionsView.swift */; };
		46E020F021AD04630053A39B /* OpenSans-BoldItalic.ttf in Resources */ = {isa = PBXBuildFile; fileRef = 46E020D021ACC3FD0053A39B /* OpenSans-BoldItalic.ttf */; };
		46E020F121AD04630053A39B /* OpenSans-BoldItalic.ttf in Resources */ = {isa = PBXBuildFile; fileRef = 46E020D021ACC3FD0053A39B /* OpenSans-BoldItalic.ttf */; };
		46E020F221AD04690053A39B /* OpenSans-SemiBold.ttf in Resources */ = {isa = PBXBuildFile; fileRef = 46E020C621ACC3FD0053A39B /* OpenSans-SemiBold.ttf */; };
		46E020F321AD04690053A39B /* OpenSans-Light.ttf in Resources */ = {isa = PBXBuildFile; fileRef = 46E020C721ACC3FD0053A39B /* OpenSans-Light.ttf */; };
		46E020F421AD04690053A39B /* OpenSans-Italic.ttf in Resources */ = {isa = PBXBuildFile; fileRef = 46E020C821ACC3FD0053A39B /* OpenSans-Italic.ttf */; };
		46E020F521AD04690053A39B /* OpenSans-ExtraBold.ttf in Resources */ = {isa = PBXBuildFile; fileRef = 46E020C921ACC3FD0053A39B /* OpenSans-ExtraBold.ttf */; };
		46E020F621AD04690053A39B /* OpenSans-LightItalic.ttf in Resources */ = {isa = PBXBuildFile; fileRef = 46E020CA21ACC3FD0053A39B /* OpenSans-LightItalic.ttf */; };
		46E020F721AD04690053A39B /* OpenSans-Bold.ttf in Resources */ = {isa = PBXBuildFile; fileRef = 46E020CB21ACC3FD0053A39B /* OpenSans-Bold.ttf */; };
		46E020F821AD04690053A39B /* OpenSans-SemiBoldItalic.ttf in Resources */ = {isa = PBXBuildFile; fileRef = 46E020CC21ACC3FD0053A39B /* OpenSans-SemiBoldItalic.ttf */; };
		46E020F921AD04690053A39B /* OpenSans-ExtraBoldItalic.ttf in Resources */ = {isa = PBXBuildFile; fileRef = 46E020CD21ACC3FD0053A39B /* OpenSans-ExtraBoldItalic.ttf */; };
		46E020FA21AD04690053A39B /* OpenSans-Regular.ttf in Resources */ = {isa = PBXBuildFile; fileRef = 46E020CF21ACC3FD0053A39B /* OpenSans-Regular.ttf */; };
		46E020FB21AD04690053A39B /* OpenSans-SemiBold.ttf in Resources */ = {isa = PBXBuildFile; fileRef = 46E020C621ACC3FD0053A39B /* OpenSans-SemiBold.ttf */; };
		46E020FC21AD04690053A39B /* OpenSans-Light.ttf in Resources */ = {isa = PBXBuildFile; fileRef = 46E020C721ACC3FD0053A39B /* OpenSans-Light.ttf */; };
		46E020FD21AD04690053A39B /* OpenSans-Italic.ttf in Resources */ = {isa = PBXBuildFile; fileRef = 46E020C821ACC3FD0053A39B /* OpenSans-Italic.ttf */; };
		46E020FE21AD04690053A39B /* OpenSans-ExtraBold.ttf in Resources */ = {isa = PBXBuildFile; fileRef = 46E020C921ACC3FD0053A39B /* OpenSans-ExtraBold.ttf */; };
		46E020FF21AD04690053A39B /* OpenSans-LightItalic.ttf in Resources */ = {isa = PBXBuildFile; fileRef = 46E020CA21ACC3FD0053A39B /* OpenSans-LightItalic.ttf */; };
		46E0210021AD04690053A39B /* OpenSans-Bold.ttf in Resources */ = {isa = PBXBuildFile; fileRef = 46E020CB21ACC3FD0053A39B /* OpenSans-Bold.ttf */; };
		46E0210121AD04690053A39B /* OpenSans-SemiBoldItalic.ttf in Resources */ = {isa = PBXBuildFile; fileRef = 46E020CC21ACC3FD0053A39B /* OpenSans-SemiBoldItalic.ttf */; };
		46E0210221AD04690053A39B /* OpenSans-ExtraBoldItalic.ttf in Resources */ = {isa = PBXBuildFile; fileRef = 46E020CD21ACC3FD0053A39B /* OpenSans-ExtraBoldItalic.ttf */; };
		46E0210321AD04690053A39B /* OpenSans-Regular.ttf in Resources */ = {isa = PBXBuildFile; fileRef = 46E020CF21ACC3FD0053A39B /* OpenSans-Regular.ttf */; };
		46E0210621AD16210053A39B /* ProfilePlacesView.swift in Sources */ = {isa = PBXBuildFile; fileRef = 46E0210521AD16210053A39B /* ProfilePlacesView.swift */; };
		46E0210721AD16210053A39B /* ProfilePlacesView.swift in Sources */ = {isa = PBXBuildFile; fileRef = 46E0210521AD16210053A39B /* ProfilePlacesView.swift */; };
		46E0210821AD16210053A39B /* ProfilePlacesView.swift in Sources */ = {isa = PBXBuildFile; fileRef = 46E0210521AD16210053A39B /* ProfilePlacesView.swift */; };
		46E0210A21AD16AD0053A39B /* ProfileFavoritesView.swift in Sources */ = {isa = PBXBuildFile; fileRef = 46E0210921AD16AD0053A39B /* ProfileFavoritesView.swift */; };
		46E0210B21AD16AD0053A39B /* ProfileFavoritesView.swift in Sources */ = {isa = PBXBuildFile; fileRef = 46E0210921AD16AD0053A39B /* ProfileFavoritesView.swift */; };
		46E0210C21AD16AD0053A39B /* ProfileFavoritesView.swift in Sources */ = {isa = PBXBuildFile; fileRef = 46E0210921AD16AD0053A39B /* ProfileFavoritesView.swift */; };
		46E0210E21AD16BF0053A39B /* ProfileFriendsView.swift in Sources */ = {isa = PBXBuildFile; fileRef = 46E0210D21AD16BF0053A39B /* ProfileFriendsView.swift */; };
		46E0210F21AD16BF0053A39B /* ProfileFriendsView.swift in Sources */ = {isa = PBXBuildFile; fileRef = 46E0210D21AD16BF0053A39B /* ProfileFriendsView.swift */; };
		46E0211021AD16BF0053A39B /* ProfileFriendsView.swift in Sources */ = {isa = PBXBuildFile; fileRef = 46E0210D21AD16BF0053A39B /* ProfileFriendsView.swift */; };
		46E0211121ADA86B0053A39B /* ProfileSectionHeaderView.swift in Sources */ = {isa = PBXBuildFile; fileRef = 46E020DC21ACC5FA0053A39B /* ProfileSectionHeaderView.swift */; };
		46E0211221ADA86B0053A39B /* ProfileSectionHeaderView.swift in Sources */ = {isa = PBXBuildFile; fileRef = 46E020DC21ACC5FA0053A39B /* ProfileSectionHeaderView.swift */; };
		46E0211821ADAF830053A39B /* Place.swift in Sources */ = {isa = PBXBuildFile; fileRef = 46E0211721ADAF830053A39B /* Place.swift */; };
		46E0211921ADAF830053A39B /* Place.swift in Sources */ = {isa = PBXBuildFile; fileRef = 46E0211721ADAF830053A39B /* Place.swift */; };
		46E0211A21ADAF830053A39B /* Place.swift in Sources */ = {isa = PBXBuildFile; fileRef = 46E0211721ADAF830053A39B /* Place.swift */; };
		46E0211C21ADB48D0053A39B /* ProfilePlacesDataSource.swift in Sources */ = {isa = PBXBuildFile; fileRef = 46E0211B21ADB48D0053A39B /* ProfilePlacesDataSource.swift */; };
		46E0211D21ADB48D0053A39B /* ProfilePlacesDataSource.swift in Sources */ = {isa = PBXBuildFile; fileRef = 46E0211B21ADB48D0053A39B /* ProfilePlacesDataSource.swift */; };
		46E0211E21ADB48D0053A39B /* ProfilePlacesDataSource.swift in Sources */ = {isa = PBXBuildFile; fileRef = 46E0211B21ADB48D0053A39B /* ProfilePlacesDataSource.swift */; };
		46E0212021ADBCB60053A39B /* ProfilePlacesCollectionViewCell.swift in Sources */ = {isa = PBXBuildFile; fileRef = 46E0211F21ADBCB60053A39B /* ProfilePlacesCollectionViewCell.swift */; };
		46E0212121ADBCB60053A39B /* ProfilePlacesCollectionViewCell.swift in Sources */ = {isa = PBXBuildFile; fileRef = 46E0211F21ADBCB60053A39B /* ProfilePlacesCollectionViewCell.swift */; };
		46E0212221ADBCB60053A39B /* ProfilePlacesCollectionViewCell.swift in Sources */ = {isa = PBXBuildFile; fileRef = 46E0211F21ADBCB60053A39B /* ProfilePlacesCollectionViewCell.swift */; };
		46E0212521ADC8A90053A39B /* ActionButton.swift in Sources */ = {isa = PBXBuildFile; fileRef = 46E0212421ADC8A90053A39B /* ActionButton.swift */; };
		46E0212621ADC8A90053A39B /* ActionButton.swift in Sources */ = {isa = PBXBuildFile; fileRef = 46E0212421ADC8A90053A39B /* ActionButton.swift */; };
		46E0212721ADC8A90053A39B /* ActionButton.swift in Sources */ = {isa = PBXBuildFile; fileRef = 46E0212421ADC8A90053A39B /* ActionButton.swift */; };
		46E0212921ADD2A00053A39B /* User.swift in Sources */ = {isa = PBXBuildFile; fileRef = 46E0212821ADD2A00053A39B /* User.swift */; };
		46E0212A21ADD2A00053A39B /* User.swift in Sources */ = {isa = PBXBuildFile; fileRef = 46E0212821ADD2A00053A39B /* User.swift */; };
		46E0212B21ADD2A00053A39B /* User.swift in Sources */ = {isa = PBXBuildFile; fileRef = 46E0212821ADD2A00053A39B /* User.swift */; };
		46E0212D21ADD49C0053A39B /* ProfileFriendsDataSource.swift in Sources */ = {isa = PBXBuildFile; fileRef = 46E0212C21ADD49C0053A39B /* ProfileFriendsDataSource.swift */; };
		46E0212E21ADD49C0053A39B /* ProfileFriendsDataSource.swift in Sources */ = {isa = PBXBuildFile; fileRef = 46E0212C21ADD49C0053A39B /* ProfileFriendsDataSource.swift */; };
		46E0212F21ADD49C0053A39B /* ProfileFriendsDataSource.swift in Sources */ = {isa = PBXBuildFile; fileRef = 46E0212C21ADD49C0053A39B /* ProfileFriendsDataSource.swift */; };
		46E0213121ADDA9E0053A39B /* ProfileFriendsCollectionViewCell.swift in Sources */ = {isa = PBXBuildFile; fileRef = 46E0213021ADDA9E0053A39B /* ProfileFriendsCollectionViewCell.swift */; };
		46E0213221ADDA9E0053A39B /* ProfileFriendsCollectionViewCell.swift in Sources */ = {isa = PBXBuildFile; fileRef = 46E0213021ADDA9E0053A39B /* ProfileFriendsCollectionViewCell.swift */; };
		46E0213321ADDA9E0053A39B /* ProfileFriendsCollectionViewCell.swift in Sources */ = {isa = PBXBuildFile; fileRef = 46E0213021ADDA9E0053A39B /* ProfileFriendsCollectionViewCell.swift */; };
		46E0213521AE079B0053A39B /* FollowButton.swift in Sources */ = {isa = PBXBuildFile; fileRef = 46E0213421AE079B0053A39B /* FollowButton.swift */; };
		46E0213621AE079B0053A39B /* FollowButton.swift in Sources */ = {isa = PBXBuildFile; fileRef = 46E0213421AE079B0053A39B /* FollowButton.swift */; };
		46E0213721AE079B0053A39B /* FollowButton.swift in Sources */ = {isa = PBXBuildFile; fileRef = 46E0213421AE079B0053A39B /* FollowButton.swift */; };
		46EE48F821AE782F006CA250 /* EmoticonScene.swift in Sources */ = {isa = PBXBuildFile; fileRef = 46EE48F721AE782F006CA250 /* EmoticonScene.swift */; };
		46EE48F921AE782F006CA250 /* EmoticonScene.swift in Sources */ = {isa = PBXBuildFile; fileRef = 46EE48F721AE782F006CA250 /* EmoticonScene.swift */; };
		46EE48FA21AE782F006CA250 /* EmoticonScene.swift in Sources */ = {isa = PBXBuildFile; fileRef = 46EE48F721AE782F006CA250 /* EmoticonScene.swift */; };
/* End PBXBuildFile section */

/* Begin PBXContainerItemProxy section */
		46E020A821ACB96E0053A39B /* PBXContainerItemProxy */ = {
			isa = PBXContainerItemProxy;
			containerPortal = 46E0208B21ACB96C0053A39B /* Project object */;
			proxyType = 1;
			remoteGlobalIDString = 46E0209221ACB96C0053A39B;
			remoteInfo = ProfileDemo;
		};
		46E020B321ACB96E0053A39B /* PBXContainerItemProxy */ = {
			isa = PBXContainerItemProxy;
			containerPortal = 46E0208B21ACB96C0053A39B /* Project object */;
			proxyType = 1;
			remoteGlobalIDString = 46E0209221ACB96C0053A39B;
			remoteInfo = ProfileDemo;
		};
/* End PBXContainerItemProxy section */

/* Begin PBXFileReference section */
		46E0209321ACB96C0053A39B /* ProfileDemo.app */ = {isa = PBXFileReference; explicitFileType = wrapper.application; includeInIndex = 0; path = ProfileDemo.app; sourceTree = BUILT_PRODUCTS_DIR; };
		46E0209621ACB96C0053A39B /* AppDelegate.swift */ = {isa = PBXFileReference; lastKnownFileType = sourcecode.swift; path = AppDelegate.swift; sourceTree = "<group>"; };
		46E0209821ACB96C0053A39B /* ViewController.swift */ = {isa = PBXFileReference; lastKnownFileType = sourcecode.swift; path = ViewController.swift; sourceTree = "<group>"; };
		46E0209B21ACB96C0053A39B /* Base */ = {isa = PBXFileReference; lastKnownFileType = file.storyboard; name = Base; path = Base.lproj/Main.storyboard; sourceTree = "<group>"; };
		46E0209D21ACB96E0053A39B /* Assets.xcassets */ = {isa = PBXFileReference; lastKnownFileType = folder.assetcatalog; path = Assets.xcassets; sourceTree = "<group>"; };
		46E020A021ACB96E0053A39B /* Base */ = {isa = PBXFileReference; lastKnownFileType = file.storyboard; name = Base; path = Base.lproj/LaunchScreen.storyboard; sourceTree = "<group>"; };
		46E020A221ACB96E0053A39B /* Info.plist */ = {isa = PBXFileReference; lastKnownFileType = text.plist.xml; path = Info.plist; sourceTree = "<group>"; };
		46E020A721ACB96E0053A39B /* ProfileDemoTests.xctest */ = {isa = PBXFileReference; explicitFileType = wrapper.cfbundle; includeInIndex = 0; path = ProfileDemoTests.xctest; sourceTree = BUILT_PRODUCTS_DIR; };
		46E020AB21ACB96E0053A39B /* ProfileDemoTests.swift */ = {isa = PBXFileReference; lastKnownFileType = sourcecode.swift; path = ProfileDemoTests.swift; sourceTree = "<group>"; };
		46E020AD21ACB96E0053A39B /* Info.plist */ = {isa = PBXFileReference; lastKnownFileType = text.plist.xml; path = Info.plist; sourceTree = "<group>"; };
		46E020B221ACB96E0053A39B /* ProfileDemoUITests.xctest */ = {isa = PBXFileReference; explicitFileType = wrapper.cfbundle; includeInIndex = 0; path = ProfileDemoUITests.xctest; sourceTree = BUILT_PRODUCTS_DIR; };
		46E020B621ACB96E0053A39B /* ProfileDemoUITests.swift */ = {isa = PBXFileReference; lastKnownFileType = sourcecode.swift; path = ProfileDemoUITests.swift; sourceTree = "<group>"; };
		46E020B821ACB96E0053A39B /* Info.plist */ = {isa = PBXFileReference; lastKnownFileType = text.plist.xml; path = Info.plist; sourceTree = "<group>"; };
		46E020C621ACC3FD0053A39B /* OpenSans-SemiBold.ttf */ = {isa = PBXFileReference; lastKnownFileType = file; path = "OpenSans-SemiBold.ttf"; sourceTree = "<group>"; };
		46E020C721ACC3FD0053A39B /* OpenSans-Light.ttf */ = {isa = PBXFileReference; lastKnownFileType = file; path = "OpenSans-Light.ttf"; sourceTree = "<group>"; };
		46E020C821ACC3FD0053A39B /* OpenSans-Italic.ttf */ = {isa = PBXFileReference; lastKnownFileType = file; path = "OpenSans-Italic.ttf"; sourceTree = "<group>"; };
		46E020C921ACC3FD0053A39B /* OpenSans-ExtraBold.ttf */ = {isa = PBXFileReference; lastKnownFileType = file; path = "OpenSans-ExtraBold.ttf"; sourceTree = "<group>"; };
		46E020CA21ACC3FD0053A39B /* OpenSans-LightItalic.ttf */ = {isa = PBXFileReference; lastKnownFileType = file; path = "OpenSans-LightItalic.ttf"; sourceTree = "<group>"; };
		46E020CB21ACC3FD0053A39B /* OpenSans-Bold.ttf */ = {isa = PBXFileReference; lastKnownFileType = file; path = "OpenSans-Bold.ttf"; sourceTree = "<group>"; };
		46E020CC21ACC3FD0053A39B /* OpenSans-SemiBoldItalic.ttf */ = {isa = PBXFileReference; lastKnownFileType = file; path = "OpenSans-SemiBoldItalic.ttf"; sourceTree = "<group>"; };
		46E020CD21ACC3FD0053A39B /* OpenSans-ExtraBoldItalic.ttf */ = {isa = PBXFileReference; lastKnownFileType = file; path = "OpenSans-ExtraBoldItalic.ttf"; sourceTree = "<group>"; };
		46E020CE21ACC3FD0053A39B /* LICENSE.txt */ = {isa = PBXFileReference; fileEncoding = 4; lastKnownFileType = text; path = LICENSE.txt; sourceTree = "<group>"; };
		46E020CF21ACC3FD0053A39B /* OpenSans-Regular.ttf */ = {isa = PBXFileReference; lastKnownFileType = file; path = "OpenSans-Regular.ttf"; sourceTree = "<group>"; };
		46E020D021ACC3FD0053A39B /* OpenSans-BoldItalic.ttf */ = {isa = PBXFileReference; lastKnownFileType = file; path = "OpenSans-BoldItalic.ttf"; sourceTree = "<group>"; };
		46E020DC21ACC5FA0053A39B /* ProfileSectionHeaderView.swift */ = {isa = PBXFileReference; lastKnownFileType = sourcecode.swift; path = ProfileSectionHeaderView.swift; sourceTree = "<group>"; };
		46E020E121ACC7E80053A39B /* Colors.swift */ = {isa = PBXFileReference; fileEncoding = 4; lastKnownFileType = sourcecode.swift; path = Colors.swift; sourceTree = "<group>"; };
		46E020E421ACC9F50053A39B /* StyleExtensions.swift */ = {isa = PBXFileReference; lastKnownFileType = sourcecode.swift; path = StyleExtensions.swift; sourceTree = "<group>"; };
		46E020E821ACCA6B0053A39B /* Fonts.swift */ = {isa = PBXFileReference; lastKnownFileType = sourcecode.swift; path = Fonts.swift; sourceTree = "<group>"; };
		46E020EC21ACEC5A0053A39B /* ProfileSectionsView.swift */ = {isa = PBXFileReference; lastKnownFileType = sourcecode.swift; path = ProfileSectionsView.swift; sourceTree = "<group>"; };
		46E0210521AD16210053A39B /* ProfilePlacesView.swift */ = {isa = PBXFileReference; lastKnownFileType = sourcecode.swift; path = ProfilePlacesView.swift; sourceTree = "<group>"; };
		46E0210921AD16AD0053A39B /* ProfileFavoritesView.swift */ = {isa = PBXFileReference; lastKnownFileType = sourcecode.swift; path = ProfileFavoritesView.swift; sourceTree = "<group>"; };
		46E0210D21AD16BF0053A39B /* ProfileFriendsView.swift */ = {isa = PBXFileReference; lastKnownFileType = sourcecode.swift; path = ProfileFriendsView.swift; sourceTree = "<group>"; };
		46E0211721ADAF830053A39B /* Place.swift */ = {isa = PBXFileReference; lastKnownFileType = sourcecode.swift; path = Place.swift; sourceTree = "<group>"; };
		46E0211B21ADB48D0053A39B /* ProfilePlacesDataSource.swift */ = {isa = PBXFileReference; lastKnownFileType = sourcecode.swift; path = ProfilePlacesDataSource.swift; sourceTree = "<group>"; };
		46E0211F21ADBCB60053A39B /* ProfilePlacesCollectionViewCell.swift */ = {isa = PBXFileReference; lastKnownFileType = sourcecode.swift; path = ProfilePlacesCollectionViewCell.swift; sourceTree = "<group>"; };
		46E0212421ADC8A90053A39B /* ActionButton.swift */ = {isa = PBXFileReference; lastKnownFileType = sourcecode.swift; path = ActionButton.swift; sourceTree = "<group>"; };
		46E0212821ADD2A00053A39B /* User.swift */ = {isa = PBXFileReference; lastKnownFileType = sourcecode.swift; path = User.swift; sourceTree = "<group>"; };
		46E0212C21ADD49C0053A39B /* ProfileFriendsDataSource.swift */ = {isa = PBXFileReference; lastKnownFileType = sourcecode.swift; path = ProfileFriendsDataSource.swift; sourceTree = "<group>"; };
		46E0213021ADDA9E0053A39B /* ProfileFriendsCollectionViewCell.swift */ = {isa = PBXFileReference; lastKnownFileType = sourcecode.swift; path = ProfileFriendsCollectionViewCell.swift; sourceTree = "<group>"; };
		46E0213421AE079B0053A39B /* FollowButton.swift */ = {isa = PBXFileReference; lastKnownFileType = sourcecode.swift; path = FollowButton.swift; sourceTree = "<group>"; };
		46EE48F721AE782F006CA250 /* EmoticonScene.swift */ = {isa = PBXFileReference; fileEncoding = 4; lastKnownFileType = sourcecode.swift; path = EmoticonScene.swift; sourceTree = "<group>"; };
/* End PBXFileReference section */

/* Begin PBXFrameworksBuildPhase section */
		46E0209021ACB96C0053A39B /* Frameworks */ = {
			isa = PBXFrameworksBuildPhase;
			buildActionMask = 2147483647;
			files = (
			);
			runOnlyForDeploymentPostprocessing = 0;
		};
		46E020A421ACB96E0053A39B /* Frameworks */ = {
			isa = PBXFrameworksBuildPhase;
			buildActionMask = 2147483647;
			files = (
			);
			runOnlyForDeploymentPostprocessing = 0;
		};
		46E020AF21ACB96E0053A39B /* Frameworks */ = {
			isa = PBXFrameworksBuildPhase;
			buildActionMask = 2147483647;
			files = (
			);
			runOnlyForDeploymentPostprocessing = 0;
		};
/* End PBXFrameworksBuildPhase section */

/* Begin PBXGroup section */
		46E0208A21ACB96C0053A39B = {
			isa = PBXGroup;
			children = (
				46E0209521ACB96C0053A39B /* ProfileDemo */,
				46E020AA21ACB96E0053A39B /* ProfileDemoTests */,
				46E020B521ACB96E0053A39B /* ProfileDemoUITests */,
				46E0209421ACB96C0053A39B /* Products */,
			);
			sourceTree = "<group>";
		};
		46E0209421ACB96C0053A39B /* Products */ = {
			isa = PBXGroup;
			children = (
				46E0209321ACB96C0053A39B /* ProfileDemo.app */,
				46E020A721ACB96E0053A39B /* ProfileDemoTests.xctest */,
				46E020B221ACB96E0053A39B /* ProfileDemoUITests.xctest */,
			);
			name = Products;
			sourceTree = "<group>";
		};
		46E0209521ACB96C0053A39B /* ProfileDemo */ = {
			isa = PBXGroup;
			children = (
				46E0209621ACB96C0053A39B /* AppDelegate.swift */,
				46E0209821ACB96C0053A39B /* ViewController.swift */,
				46E0209A21ACB96C0053A39B /* Main.storyboard */,
				46EE48F621AE77B6006CA250 /* App */,
				46E0210421AD15D20053A39B /* Sections */,
				46E0209D21ACB96E0053A39B /* Assets.xcassets */,
				46E0209F21ACB96E0053A39B /* LaunchScreen.storyboard */,
				46E020A221ACB96E0053A39B /* Info.plist */,
				46E020E021ACC7E80053A39B /* Style */,
			);
			path = ProfileDemo;
			sourceTree = "<group>";
		};
		46E020AA21ACB96E0053A39B /* ProfileDemoTests */ = {
			isa = PBXGroup;
			children = (
				46E020AB21ACB96E0053A39B /* ProfileDemoTests.swift */,
				46E020AD21ACB96E0053A39B /* Info.plist */,
			);
			path = ProfileDemoTests;
			sourceTree = "<group>";
		};
		46E020B521ACB96E0053A39B /* ProfileDemoUITests */ = {
			isa = PBXGroup;
			children = (
				46E020B621ACB96E0053A39B /* ProfileDemoUITests.swift */,
				46E020B821ACB96E0053A39B /* Info.plist */,
			);
			path = ProfileDemoUITests;
			sourceTree = "<group>";
		};
		46E020C521ACC3FD0053A39B /* Open_Sans */ = {
			isa = PBXGroup;
			children = (
				46E020C621ACC3FD0053A39B /* OpenSans-SemiBold.ttf */,
				46E020C721ACC3FD0053A39B /* OpenSans-Light.ttf */,
				46E020C821ACC3FD0053A39B /* OpenSans-Italic.ttf */,
				46E020C921ACC3FD0053A39B /* OpenSans-ExtraBold.ttf */,
				46E020CA21ACC3FD0053A39B /* OpenSans-LightItalic.ttf */,
				46E020CB21ACC3FD0053A39B /* OpenSans-Bold.ttf */,
				46E020CC21ACC3FD0053A39B /* OpenSans-SemiBoldItalic.ttf */,
				46E020CD21ACC3FD0053A39B /* OpenSans-ExtraBoldItalic.ttf */,
				46E020CE21ACC3FD0053A39B /* LICENSE.txt */,
				46E020CF21ACC3FD0053A39B /* OpenSans-Regular.ttf */,
				46E020D021ACC3FD0053A39B /* OpenSans-BoldItalic.ttf */,
			);
			path = Open_Sans;
			sourceTree = "<group>";
		};
		46E020E021ACC7E80053A39B /* Style */ = {
			isa = PBXGroup;
			children = (
				46E020E121ACC7E80053A39B /* Colors.swift */,
				46E020E421ACC9F50053A39B /* StyleExtensions.swift */,
				46E020E821ACCA6B0053A39B /* Fonts.swift */,
				46E020C521ACC3FD0053A39B /* Open_Sans */,
			);
			path = Style;
			sourceTree = "<group>";
		};
		46E0210421AD15D20053A39B /* Sections */ = {
			isa = PBXGroup;
			children = (
				46E020EC21ACEC5A0053A39B /* ProfileSectionsView.swift */,
				46E020DC21ACC5FA0053A39B /* ProfileSectionHeaderView.swift */,
				46E0211421ADA8790053A39B /* Favorites */,
				46E0211521ADA8820053A39B /* Friends */,
				46E0211321ADA8710053A39B /* Places */,
			);
			path = Sections;
			sourceTree = "<group>";
		};
		46E0211321ADA8710053A39B /* Places */ = {
			isa = PBXGroup;
			children = (
				46E0210521AD16210053A39B /* ProfilePlacesView.swift */,
				46E0211B21ADB48D0053A39B /* ProfilePlacesDataSource.swift */,
				46E0211F21ADBCB60053A39B /* ProfilePlacesCollectionViewCell.swift */,
			);
			path = Places;
			sourceTree = "<group>";
		};
		46E0211421ADA8790053A39B /* Favorites */ = {
			isa = PBXGroup;
			children = (
				46E0210921AD16AD0053A39B /* ProfileFavoritesView.swift */,
			);
			path = Favorites;
			sourceTree = "<group>";
		};
		46E0211521ADA8820053A39B /* Friends */ = {
			isa = PBXGroup;
			children = (
				46E0210D21AD16BF0053A39B /* ProfileFriendsView.swift */,
				46E0212C21ADD49C0053A39B /* ProfileFriendsDataSource.swift */,
				46E0213021ADDA9E0053A39B /* ProfileFriendsCollectionViewCell.swift */,
			);
			path = Friends;
			sourceTree = "<group>";
		};
		46E0211621ADAF770053A39B /* Models */ = {
			isa = PBXGroup;
			children = (
				46E0211721ADAF830053A39B /* Place.swift */,
				46E0212821ADD2A00053A39B /* User.swift */,
			);
			path = Models;
			sourceTree = "<group>";
		};
		46E0212321ADC85B0053A39B /* Components */ = {
			isa = PBXGroup;
			children = (
				46E0212421ADC8A90053A39B /* ActionButton.swift */,
				46E0213421AE079B0053A39B /* FollowButton.swift */,
			);
			path = Components;
			sourceTree = "<group>";
		};
		46EE48F121AE63A5006CA250 /* Animations */ = {
			isa = PBXGroup;
			children = (
				46EE48F721AE782F006CA250 /* EmoticonScene.swift */,
			);
			path = Animations;
			sourceTree = "<group>";
		};
		46EE48F621AE77B6006CA250 /* App */ = {
			isa = PBXGroup;
			children = (
				46EE48F121AE63A5006CA250 /* Animations */,
				46E0212321ADC85B0053A39B /* Components */,
				46E0211621ADAF770053A39B /* Models */,
			);
			path = App;
			sourceTree = "<group>";
		};
/* End PBXGroup section */

/* Begin PBXNativeTarget section */
		46E0209221ACB96C0053A39B /* ProfileDemo */ = {
			isa = PBXNativeTarget;
			buildConfigurationList = 46E020BB21ACB96E0053A39B /* Build configuration list for PBXNativeTarget "ProfileDemo" */;
			buildPhases = (
				46E0208F21ACB96C0053A39B /* Sources */,
				46E0209021ACB96C0053A39B /* Frameworks */,
				46E0209121ACB96C0053A39B /* Resources */,
			);
			buildRules = (
			);
			dependencies = (
			);
			name = ProfileDemo;
			productName = ProfileDemo;
			productReference = 46E0209321ACB96C0053A39B /* ProfileDemo.app */;
			productType = "com.apple.product-type.application";
		};
		46E020A621ACB96E0053A39B /* ProfileDemoTests */ = {
			isa = PBXNativeTarget;
			buildConfigurationList = 46E020BE21ACB96E0053A39B /* Build configuration list for PBXNativeTarget "ProfileDemoTests" */;
			buildPhases = (
				46E020A321ACB96E0053A39B /* Sources */,
				46E020A421ACB96E0053A39B /* Frameworks */,
				46E020A521ACB96E0053A39B /* Resources */,
			);
			buildRules = (
			);
			dependencies = (
				46E020A921ACB96E0053A39B /* PBXTargetDependency */,
			);
			name = ProfileDemoTests;
			productName = ProfileDemoTests;
			productReference = 46E020A721ACB96E0053A39B /* ProfileDemoTests.xctest */;
			productType = "com.apple.product-type.bundle.unit-test";
		};
		46E020B121ACB96E0053A39B /* ProfileDemoUITests */ = {
			isa = PBXNativeTarget;
			buildConfigurationList = 46E020C121ACB96E0053A39B /* Build configuration list for PBXNativeTarget "ProfileDemoUITests" */;
			buildPhases = (
				46E020AE21ACB96E0053A39B /* Sources */,
				46E020AF21ACB96E0053A39B /* Frameworks */,
				46E020B021ACB96E0053A39B /* Resources */,
			);
			buildRules = (
			);
			dependencies = (
				46E020B421ACB96E0053A39B /* PBXTargetDependency */,
			);
			name = ProfileDemoUITests;
			productName = ProfileDemoUITests;
			productReference = 46E020B221ACB96E0053A39B /* ProfileDemoUITests.xctest */;
			productType = "com.apple.product-type.bundle.ui-testing";
		};
/* End PBXNativeTarget section */

/* Begin PBXProject section */
		46E0208B21ACB96C0053A39B /* Project object */ = {
			isa = PBXProject;
			attributes = {
				LastSwiftUpdateCheck = 1010;
				LastUpgradeCheck = 1010;
				ORGANIZATIONNAME = huerdo;
				TargetAttributes = {
					46E0209221ACB96C0053A39B = {
						CreatedOnToolsVersion = 10.1;
					};
					46E020A621ACB96E0053A39B = {
						CreatedOnToolsVersion = 10.1;
						TestTargetID = 46E0209221ACB96C0053A39B;
					};
					46E020B121ACB96E0053A39B = {
						CreatedOnToolsVersion = 10.1;
						TestTargetID = 46E0209221ACB96C0053A39B;
					};
				};
			};
			buildConfigurationList = 46E0208E21ACB96C0053A39B /* Build configuration list for PBXProject "ProfileDemo" */;
			compatibilityVersion = "Xcode 9.3";
			developmentRegion = en;
			hasScannedForEncodings = 0;
			knownRegions = (
				en,
				Base,
			);
			mainGroup = 46E0208A21ACB96C0053A39B;
			productRefGroup = 46E0209421ACB96C0053A39B /* Products */;
			projectDirPath = "";
			projectRoot = "";
			targets = (
				46E0209221ACB96C0053A39B /* ProfileDemo */,
				46E020A621ACB96E0053A39B /* ProfileDemoTests */,
				46E020B121ACB96E0053A39B /* ProfileDemoUITests */,
			);
		};
/* End PBXProject section */

/* Begin PBXResourcesBuildPhase section */
		46E0209121ACB96C0053A39B /* Resources */ = {
			isa = PBXResourcesBuildPhase;
			buildActionMask = 2147483647;
			files = (
				46E020D921ACC3FD0053A39B /* LICENSE.txt in Resources */,
				46E020D121ACC3FD0053A39B /* OpenSans-SemiBold.ttf in Resources */,
				46E020A121ACB96E0053A39B /* LaunchScreen.storyboard in Resources */,
				46E020D421ACC3FD0053A39B /* OpenSans-ExtraBold.ttf in Resources */,
				46E0209E21ACB96E0053A39B /* Assets.xcassets in Resources */,
				46E020D721ACC3FD0053A39B /* OpenSans-SemiBoldItalic.ttf in Resources */,
				46E020D321ACC3FD0053A39B /* OpenSans-Italic.ttf in Resources */,
				46E020D621ACC3FD0053A39B /* OpenSans-Bold.ttf in Resources */,
				46E020D221ACC3FD0053A39B /* OpenSans-Light.ttf in Resources */,
				46E020D521ACC3FD0053A39B /* OpenSans-LightItalic.ttf in Resources */,
				46E020DB21ACC3FD0053A39B /* OpenSans-BoldItalic.ttf in Resources */,
				46E020D821ACC3FD0053A39B /* OpenSans-ExtraBoldItalic.ttf in Resources */,
				46E020DA21ACC3FD0053A39B /* OpenSans-Regular.ttf in Resources */,
				46E0209C21ACB96C0053A39B /* Main.storyboard in Resources */,
			);
			runOnlyForDeploymentPostprocessing = 0;
		};
		46E020A521ACB96E0053A39B /* Resources */ = {
			isa = PBXResourcesBuildPhase;
			buildActionMask = 2147483647;
			files = (
				46E020FA21AD04690053A39B /* OpenSans-Regular.ttf in Resources */,
				46E020F821AD04690053A39B /* OpenSans-SemiBoldItalic.ttf in Resources */,
				46E020F921AD04690053A39B /* OpenSans-ExtraBoldItalic.ttf in Resources */,
				46E020F321AD04690053A39B /* OpenSans-Light.ttf in Resources */,
				46E020F721AD04690053A39B /* OpenSans-Bold.ttf in Resources */,
				46E020F421AD04690053A39B /* OpenSans-Italic.ttf in Resources */,
				46E020F621AD04690053A39B /* OpenSans-LightItalic.ttf in Resources */,
				46E020F221AD04690053A39B /* OpenSans-SemiBold.ttf in Resources */,
				46E020F021AD04630053A39B /* OpenSans-BoldItalic.ttf in Resources */,
				46E020F521AD04690053A39B /* OpenSans-ExtraBold.ttf in Resources */,
			);
			runOnlyForDeploymentPostprocessing = 0;
		};
		46E020B021ACB96E0053A39B /* Resources */ = {
			isa = PBXResourcesBuildPhase;
			buildActionMask = 2147483647;
			files = (
				46E0210321AD04690053A39B /* OpenSans-Regular.ttf in Resources */,
				46E0210121AD04690053A39B /* OpenSans-SemiBoldItalic.ttf in Resources */,
				46E0210221AD04690053A39B /* OpenSans-ExtraBoldItalic.ttf in Resources */,
				46E020FC21AD04690053A39B /* OpenSans-Light.ttf in Resources */,
				46E0210021AD04690053A39B /* OpenSans-Bold.ttf in Resources */,
				46E020FD21AD04690053A39B /* OpenSans-Italic.ttf in Resources */,
				46E020FF21AD04690053A39B /* OpenSans-LightItalic.ttf in Resources */,
				46E020FB21AD04690053A39B /* OpenSans-SemiBold.ttf in Resources */,
				46E020F121AD04630053A39B /* OpenSans-BoldItalic.ttf in Resources */,
				46E020FE21AD04690053A39B /* OpenSans-ExtraBold.ttf in Resources */,
			);
			runOnlyForDeploymentPostprocessing = 0;
		};
/* End PBXResourcesBuildPhase section */

/* Begin PBXSourcesBuildPhase section */
		46E0208F21ACB96C0053A39B /* Sources */ = {
			isa = PBXSourcesBuildPhase;
			buildActionMask = 2147483647;
			files = (
				46E0212D21ADD49C0053A39B /* ProfileFriendsDataSource.swift in Sources */,
				46E020ED21ACEC5A0053A39B /* ProfileSectionsView.swift in Sources */,
				46E020DD21ACC5FA0053A39B /* ProfileSectionHeaderView.swift in Sources */,
				46E0212021ADBCB60053A39B /* ProfilePlacesCollectionViewCell.swift in Sources */,
				46E020E221ACC7E80053A39B /* Colors.swift in Sources */,
				46E0210A21AD16AD0053A39B /* ProfileFavoritesView.swift in Sources */,
				46E0213121ADDA9E0053A39B /* ProfileFriendsCollectionViewCell.swift in Sources */,
				46E0210E21AD16BF0053A39B /* ProfileFriendsView.swift in Sources */,
				46EE48F821AE782F006CA250 /* EmoticonScene.swift in Sources */,
				46E0209921ACB96C0053A39B /* ViewController.swift in Sources */,
				46E020E521ACC9F50053A39B /* StyleExtensions.swift in Sources */,
				46E0212921ADD2A00053A39B /* User.swift in Sources */,
				46E020E921ACCA6B0053A39B /* Fonts.swift in Sources */,
				46E0211C21ADB48D0053A39B /* ProfilePlacesDataSource.swift in Sources */,
				46E0211821ADAF830053A39B /* Place.swift in Sources */,
				46E0210621AD16210053A39B /* ProfilePlacesView.swift in Sources */,
				46E0213521AE079B0053A39B /* FollowButton.swift in Sources */,
				46E0209721ACB96C0053A39B /* AppDelegate.swift in Sources */,
				46E0212521ADC8A90053A39B /* ActionButton.swift in Sources */,
			);
			runOnlyForDeploymentPostprocessing = 0;
		};
		46E020A321ACB96E0053A39B /* Sources */ = {
			isa = PBXSourcesBuildPhase;
			buildActionMask = 2147483647;
			files = (
				46E0212A21ADD2A00053A39B /* User.swift in Sources */,
				46E0210F21AD16BF0053A39B /* ProfileFriendsView.swift in Sources */,
				46E0210B21AD16AD0053A39B /* ProfileFavoritesView.swift in Sources */,
				46E020EE21ACEC5A0053A39B /* ProfileSectionsView.swift in Sources */,
				46E020AC21ACB96E0053A39B /* ProfileDemoTests.swift in Sources */,
				46E0210721AD16210053A39B /* ProfilePlacesView.swift in Sources */,
				46E0212E21ADD49C0053A39B /* ProfileFriendsDataSource.swift in Sources */,
				46E0213621AE079B0053A39B /* FollowButton.swift in Sources */,
				46EE48F921AE782F006CA250 /* EmoticonScene.swift in Sources */,
				46E020EA21ACCA6B0053A39B /* Fonts.swift in Sources */,
				46E0211D21ADB48D0053A39B /* ProfilePlacesDataSource.swift in Sources */,
				46E020E621ACC9F50053A39B /* StyleExtensions.swift in Sources */,
				46E0211121ADA86B0053A39B /* ProfileSectionHeaderView.swift in Sources */,
				46E0213221ADDA9E0053A39B /* ProfileFriendsCollectionViewCell.swift in Sources */,
				46E0212121ADBCB60053A39B /* ProfilePlacesCollectionViewCell.swift in Sources */,
				46E0211921ADAF830053A39B /* Place.swift in Sources */,
				46E0212621ADC8A90053A39B /* ActionButton.swift in Sources */,
			);
			runOnlyForDeploymentPostprocessing = 0;
		};
		46E020AE21ACB96E0053A39B /* Sources */ = {
			isa = PBXSourcesBuildPhase;
			buildActionMask = 2147483647;
			files = (
				46E0212B21ADD2A00053A39B /* User.swift in Sources */,
				46E0211021AD16BF0053A39B /* ProfileFriendsView.swift in Sources */,
				46E0210C21AD16AD0053A39B /* ProfileFavoritesView.swift in Sources */,
				46E020EF21ACEC5A0053A39B /* ProfileSectionsView.swift in Sources */,
				46E020B721ACB96E0053A39B /* ProfileDemoUITests.swift in Sources */,
				46E0210821AD16210053A39B /* ProfilePlacesView.swift in Sources */,
				46E0212F21ADD49C0053A39B /* ProfileFriendsDataSource.swift in Sources */,
				46E0213721AE079B0053A39B /* FollowButton.swift in Sources */,
				46EE48FA21AE782F006CA250 /* EmoticonScene.swift in Sources */,
				46E020EB21ACCA6B0053A39B /* Fonts.swift in Sources */,
				46E0211E21ADB48D0053A39B /* ProfilePlacesDataSource.swift in Sources */,
				46E020E721ACC9F50053A39B /* StyleExtensions.swift in Sources */,
				46E0211221ADA86B0053A39B /* ProfileSectionHeaderView.swift in Sources */,
				46E0213321ADDA9E0053A39B /* ProfileFriendsCollectionViewCell.swift in Sources */,
				46E0212221ADBCB60053A39B /* ProfilePlacesCollectionViewCell.swift in Sources */,
				46E0211A21ADAF830053A39B /* Place.swift in Sources */,
				46E0212721ADC8A90053A39B /* ActionButton.swift in Sources */,
			);
			runOnlyForDeploymentPostprocessing = 0;
		};
/* End PBXSourcesBuildPhase section */

/* Begin PBXTargetDependency section */
		46E020A921ACB96E0053A39B /* PBXTargetDependency */ = {
			isa = PBXTargetDependency;
			target = 46E0209221ACB96C0053A39B /* ProfileDemo */;
			targetProxy = 46E020A821ACB96E0053A39B /* PBXContainerItemProxy */;
		};
		46E020B421ACB96E0053A39B /* PBXTargetDependency */ = {
			isa = PBXTargetDependency;
			target = 46E0209221ACB96C0053A39B /* ProfileDemo */;
			targetProxy = 46E020B321ACB96E0053A39B /* PBXContainerItemProxy */;
		};
/* End PBXTargetDependency section */

/* Begin PBXVariantGroup section */
		46E0209A21ACB96C0053A39B /* Main.storyboard */ = {
			isa = PBXVariantGroup;
			children = (
				46E0209B21ACB96C0053A39B /* Base */,
			);
			name = Main.storyboard;
			sourceTree = "<group>";
		};
		46E0209F21ACB96E0053A39B /* LaunchScreen.storyboard */ = {
			isa = PBXVariantGroup;
			children = (
				46E020A021ACB96E0053A39B /* Base */,
			);
			name = LaunchScreen.storyboard;
			sourceTree = "<group>";
		};
/* End PBXVariantGroup section */

/* Begin XCBuildConfiguration section */
		46E020B921ACB96E0053A39B /* Debug */ = {
			isa = XCBuildConfiguration;
			buildSettings = {
				ALWAYS_SEARCH_USER_PATHS = NO;
				CLANG_ANALYZER_NONNULL = YES;
				CLANG_ANALYZER_NUMBER_OBJECT_CONVERSION = YES_AGGRESSIVE;
				CLANG_CXX_LANGUAGE_STANDARD = "gnu++14";
				CLANG_CXX_LIBRARY = "libc++";
				CLANG_ENABLE_MODULES = YES;
				CLANG_ENABLE_OBJC_ARC = YES;
				CLANG_ENABLE_OBJC_WEAK = YES;
				CLANG_WARN_BLOCK_CAPTURE_AUTORELEASING = YES;
				CLANG_WARN_BOOL_CONVERSION = YES;
				CLANG_WARN_COMMA = YES;
				CLANG_WARN_CONSTANT_CONVERSION = YES;
				CLANG_WARN_DEPRECATED_OBJC_IMPLEMENTATIONS = YES;
				CLANG_WARN_DIRECT_OBJC_ISA_USAGE = YES_ERROR;
				CLANG_WARN_DOCUMENTATION_COMMENTS = YES;
				CLANG_WARN_EMPTY_BODY = YES;
				CLANG_WARN_ENUM_CONVERSION = YES;
				CLANG_WARN_INFINITE_RECURSION = YES;
				CLANG_WARN_INT_CONVERSION = YES;
				CLANG_WARN_NON_LITERAL_NULL_CONVERSION = YES;
				CLANG_WARN_OBJC_IMPLICIT_RETAIN_SELF = YES;
				CLANG_WARN_OBJC_LITERAL_CONVERSION = YES;
				CLANG_WARN_OBJC_ROOT_CLASS = YES_ERROR;
				CLANG_WARN_RANGE_LOOP_ANALYSIS = YES;
				CLANG_WARN_STRICT_PROTOTYPES = YES;
				CLANG_WARN_SUSPICIOUS_MOVE = YES;
				CLANG_WARN_UNGUARDED_AVAILABILITY = YES_AGGRESSIVE;
				CLANG_WARN_UNREACHABLE_CODE = YES;
				CLANG_WARN__DUPLICATE_METHOD_MATCH = YES;
				CODE_SIGN_IDENTITY = "iPhone Developer";
				COPY_PHASE_STRIP = NO;
				DEBUG_INFORMATION_FORMAT = dwarf;
				ENABLE_STRICT_OBJC_MSGSEND = YES;
				ENABLE_TESTABILITY = YES;
				GCC_C_LANGUAGE_STANDARD = gnu11;
				GCC_DYNAMIC_NO_PIC = NO;
				GCC_NO_COMMON_BLOCKS = YES;
				GCC_OPTIMIZATION_LEVEL = 0;
				GCC_PREPROCESSOR_DEFINITIONS = (
					"DEBUG=1",
					"$(inherited)",
				);
				GCC_WARN_64_TO_32_BIT_CONVERSION = YES;
				GCC_WARN_ABOUT_RETURN_TYPE = YES_ERROR;
				GCC_WARN_UNDECLARED_SELECTOR = YES;
				GCC_WARN_UNINITIALIZED_AUTOS = YES_AGGRESSIVE;
				GCC_WARN_UNUSED_FUNCTION = YES;
				GCC_WARN_UNUSED_VARIABLE = YES;
				IPHONEOS_DEPLOYMENT_TARGET = 12.1;
				MTL_ENABLE_DEBUG_INFO = INCLUDE_SOURCE;
				MTL_FAST_MATH = YES;
				ONLY_ACTIVE_ARCH = YES;
				SDKROOT = iphoneos;
				SWIFT_ACTIVE_COMPILATION_CONDITIONS = DEBUG;
				SWIFT_OPTIMIZATION_LEVEL = "-Onone";
			};
			name = Debug;
		};
		46E020BA21ACB96E0053A39B /* Release */ = {
			isa = XCBuildConfiguration;
			buildSettings = {
				ALWAYS_SEARCH_USER_PATHS = NO;
				CLANG_ANALYZER_NONNULL = YES;
				CLANG_ANALYZER_NUMBER_OBJECT_CONVERSION = YES_AGGRESSIVE;
				CLANG_CXX_LANGUAGE_STANDARD = "gnu++14";
				CLANG_CXX_LIBRARY = "libc++";
				CLANG_ENABLE_MODULES = YES;
				CLANG_ENABLE_OBJC_ARC = YES;
				CLANG_ENABLE_OBJC_WEAK = YES;
				CLANG_WARN_BLOCK_CAPTURE_AUTORELEASING = YES;
				CLANG_WARN_BOOL_CONVERSION = YES;
				CLANG_WARN_COMMA = YES;
				CLANG_WARN_CONSTANT_CONVERSION = YES;
				CLANG_WARN_DEPRECATED_OBJC_IMPLEMENTATIONS = YES;
				CLANG_WARN_DIRECT_OBJC_ISA_USAGE = YES_ERROR;
				CLANG_WARN_DOCUMENTATION_COMMENTS = YES;
				CLANG_WARN_EMPTY_BODY = YES;
				CLANG_WARN_ENUM_CONVERSION = YES;
				CLANG_WARN_INFINITE_RECURSION = YES;
				CLANG_WARN_INT_CONVERSION = YES;
				CLANG_WARN_NON_LITERAL_NULL_CONVERSION = YES;
				CLANG_WARN_OBJC_IMPLICIT_RETAIN_SELF = YES;
				CLANG_WARN_OBJC_LITERAL_CONVERSION = YES;
				CLANG_WARN_OBJC_ROOT_CLASS = YES_ERROR;
				CLANG_WARN_RANGE_LOOP_ANALYSIS = YES;
				CLANG_WARN_STRICT_PROTOTYPES = YES;
				CLANG_WARN_SUSPICIOUS_MOVE = YES;
				CLANG_WARN_UNGUARDED_AVAILABILITY = YES_AGGRESSIVE;
				CLANG_WARN_UNREACHABLE_CODE = YES;
				CLANG_WARN__DUPLICATE_METHOD_MATCH = YES;
				CODE_SIGN_IDENTITY = "iPhone Developer";
				COPY_PHASE_STRIP = NO;
				DEBUG_INFORMATION_FORMAT = "dwarf-with-dsym";
				ENABLE_NS_ASSERTIONS = NO;
				ENABLE_STRICT_OBJC_MSGSEND = YES;
				GCC_C_LANGUAGE_STANDARD = gnu11;
				GCC_NO_COMMON_BLOCKS = YES;
				GCC_WARN_64_TO_32_BIT_CONVERSION = YES;
				GCC_WARN_ABOUT_RETURN_TYPE = YES_ERROR;
				GCC_WARN_UNDECLARED_SELECTOR = YES;
				GCC_WARN_UNINITIALIZED_AUTOS = YES_AGGRESSIVE;
				GCC_WARN_UNUSED_FUNCTION = YES;
				GCC_WARN_UNUSED_VARIABLE = YES;
				IPHONEOS_DEPLOYMENT_TARGET = 12.1;
				MTL_ENABLE_DEBUG_INFO = NO;
				MTL_FAST_MATH = YES;
				SDKROOT = iphoneos;
				SWIFT_COMPILATION_MODE = wholemodule;
				SWIFT_OPTIMIZATION_LEVEL = "-O";
				VALIDATE_PRODUCT = YES;
			};
			name = Release;
		};
		46E020BC21ACB96E0053A39B /* Debug */ = {
			isa = XCBuildConfiguration;
			buildSettings = {
				ASSETCATALOG_COMPILER_APPICON_NAME = AppIcon;
				CODE_SIGN_STYLE = Automatic;
				DEVELOPMENT_TEAM = W7764ZQNWC;
				INFOPLIST_FILE = ProfileDemo/Info.plist;
				IPHONEOS_DEPLOYMENT_TARGET = 11.0;
				LD_RUNPATH_SEARCH_PATHS = (
					"$(inherited)",
					"@executable_path/Frameworks",
				);
				PRODUCT_BUNDLE_IDENTIFIER = com.huerdo.ProfileDemo;
				PRODUCT_NAME = "$(TARGET_NAME)";
				SWIFT_VERSION = 4.2;
				TARGETED_DEVICE_FAMILY = "1,2";
			};
			name = Debug;
		};
		46E020BD21ACB96E0053A39B /* Release */ = {
			isa = XCBuildConfiguration;
			buildSettings = {
				ASSETCATALOG_COMPILER_APPICON_NAME = AppIcon;
				CODE_SIGN_STYLE = Automatic;
				DEVELOPMENT_TEAM = W7764ZQNWC;
				INFOPLIST_FILE = ProfileDemo/Info.plist;
				IPHONEOS_DEPLOYMENT_TARGET = 11.0;
				LD_RUNPATH_SEARCH_PATHS = (
					"$(inherited)",
					"@executable_path/Frameworks",
				);
				PRODUCT_BUNDLE_IDENTIFIER = com.huerdo.ProfileDemo;
				PRODUCT_NAME = "$(TARGET_NAME)";
				SWIFT_VERSION = 4.2;
				TARGETED_DEVICE_FAMILY = "1,2";
			};
			name = Release;
		};
		46E020BF21ACB96E0053A39B /* Debug */ = {
			isa = XCBuildConfiguration;
			buildSettings = {
				ALWAYS_EMBED_SWIFT_STANDARD_LIBRARIES = YES;
				BUNDLE_LOADER = "$(TEST_HOST)";
				CODE_SIGN_STYLE = Automatic;
				DEVELOPMENT_TEAM = W7764ZQNWC;
				INFOPLIST_FILE = ProfileDemoTests/Info.plist;
				LD_RUNPATH_SEARCH_PATHS = (
					"$(inherited)",
					"@executable_path/Frameworks",
					"@loader_path/Frameworks",
				);
				PRODUCT_BUNDLE_IDENTIFIER = com.huerdo.ProfileDemoTests;
				PRODUCT_NAME = "$(TARGET_NAME)";
				SWIFT_VERSION = 4.2;
				TARGETED_DEVICE_FAMILY = "1,2";
				TEST_HOST = "$(BUILT_PRODUCTS_DIR)/ProfileDemo.app/ProfileDemo";
			};
			name = Debug;
		};
		46E020C021ACB96E0053A39B /* Release */ = {
			isa = XCBuildConfiguration;
			buildSettings = {
				ALWAYS_EMBED_SWIFT_STANDARD_LIBRARIES = YES;
				BUNDLE_LOADER = "$(TEST_HOST)";
				CODE_SIGN_STYLE = Automatic;
				DEVELOPMENT_TEAM = W7764ZQNWC;
				INFOPLIST_FILE = ProfileDemoTests/Info.plist;
				LD_RUNPATH_SEARCH_PATHS = (
					"$(inherited)",
					"@executable_path/Frameworks",
					"@loader_path/Frameworks",
				);
				PRODUCT_BUNDLE_IDENTIFIER = com.huerdo.ProfileDemoTests;
				PRODUCT_NAME = "$(TARGET_NAME)";
				SWIFT_VERSION = 4.2;
				TARGETED_DEVICE_FAMILY = "1,2";
				TEST_HOST = "$(BUILT_PRODUCTS_DIR)/ProfileDemo.app/ProfileDemo";
			};
			name = Release;
		};
		46E020C221ACB96E0053A39B /* Debug */ = {
			isa = XCBuildConfiguration;
			buildSettings = {
				ALWAYS_EMBED_SWIFT_STANDARD_LIBRARIES = YES;
				CODE_SIGN_STYLE = Automatic;
				DEVELOPMENT_TEAM = W7764ZQNWC;
				INFOPLIST_FILE = ProfileDemoUITests/Info.plist;
				LD_RUNPATH_SEARCH_PATHS = (
					"$(inherited)",
					"@executable_path/Frameworks",
					"@loader_path/Frameworks",
				);
				PRODUCT_BUNDLE_IDENTIFIER = com.huerdo.ProfileDemoUITests;
				PRODUCT_NAME = "$(TARGET_NAME)";
				SWIFT_VERSION = 4.2;
				TARGETED_DEVICE_FAMILY = "1,2";
				TEST_TARGET_NAME = ProfileDemo;
			};
			name = Debug;
		};
		46E020C321ACB96E0053A39B /* Release */ = {
			isa = XCBuildConfiguration;
			buildSettings = {
				ALWAYS_EMBED_SWIFT_STANDARD_LIBRARIES = YES;
				CODE_SIGN_STYLE = Automatic;
				DEVELOPMENT_TEAM = W7764ZQNWC;
				INFOPLIST_FILE = ProfileDemoUITests/Info.plist;
				LD_RUNPATH_SEARCH_PATHS = (
					"$(inherited)",
					"@executable_path/Frameworks",
					"@loader_path/Frameworks",
				);
				PRODUCT_BUNDLE_IDENTIFIER = com.huerdo.ProfileDemoUITests;
				PRODUCT_NAME = "$(TARGET_NAME)";
				SWIFT_VERSION = 4.2;
				TARGETED_DEVICE_FAMILY = "1,2";
				TEST_TARGET_NAME = ProfileDemo;
			};
			name = Release;
		};
/* End XCBuildConfiguration section */

/* Begin XCConfigurationList section */
		46E0208E21ACB96C0053A39B /* Build configuration list for PBXProject "ProfileDemo" */ = {
			isa = XCConfigurationList;
			buildConfigurations = (
				46E020B921ACB96E0053A39B /* Debug */,
				46E020BA21ACB96E0053A39B /* Release */,
			);
			defaultConfigurationIsVisible = 0;
			defaultConfigurationName = Release;
		};
		46E020BB21ACB96E0053A39B /* Build configuration list for PBXNativeTarget "ProfileDemo" */ = {
			isa = XCConfigurationList;
			buildConfigurations = (
				46E020BC21ACB96E0053A39B /* Debug */,
				46E020BD21ACB96E0053A39B /* Release */,
			);
			defaultConfigurationIsVisible = 0;
			defaultConfigurationName = Release;
		};
		46E020BE21ACB96E0053A39B /* Build configuration list for PBXNativeTarget "ProfileDemoTests" */ = {
			isa = XCConfigurationList;
			buildConfigurations = (
				46E020BF21ACB96E0053A39B /* Debug */,
				46E020C021ACB96E0053A39B /* Release */,
			);
			defaultConfigurationIsVisible = 0;
			defaultConfigurationName = Release;
		};
		46E020C121ACB96E0053A39B /* Build configuration list for PBXNativeTarget "ProfileDemoUITests" */ = {
			isa = XCConfigurationList;
			buildConfigurations = (
				46E020C221ACB96E0053A39B /* Debug */,
				46E020C321ACB96E0053A39B /* Release */,
			);
			defaultConfigurationIsVisible = 0;
			defaultConfigurationName = Release;
		};
/* End XCConfigurationList section */
	};
	rootObject = 46E0208B21ACB96C0053A39B /* Project object */;
}
